
Microsoft Visual Studio Solution File, Format Version 12.00
# Visual Studio Version 17
VisualStudioVersion = 17.8.34322.80
MinimumVisualStudioVersion = 10.0.40219.1
Project("{9A19103F-16F7-4668-BE54-9A1E7A4F7556}") = "1_IntroToWPF", "1_IntroToWPF\1_IntroToWPF.csproj", "{B7B1BD35-CE4A-44D1-82DC-39E37C82944F}"
EndProject
Project("{9A19103F-16F7-4668-BE54-9A1E7A4F7556}") = "2_ContainersHomeWork", "2_ContainersHomeWork\2_ContainersHomeWork.csproj", "{BF696827-A4E6-4E4F-818F-BE302D4DA087}"
EndProject
Project("{FAE04EC0-301F-11D3-BF4B-00C04F79EFBC}") = "Wpf_Containers", "..\..\..\Desktop\_Wpf_Panels\Wpf_Containers\Wpf_Containers\Wpf_Containers.csproj", "{C658DCA4-EDBD-4D53-805E-A76B7370F2DF}"
EndProject
Project("{9A19103F-16F7-4668-BE54-9A1E7A4F7556}") = "3_CalculatorHomeWork", "3_CalculatorHomeWork\3_CalculatorHomeWork.csproj", "{34725C34-2B26-4DE3-A9D1-3673827E2868}"
EndProject
Project("{FAE04EC0-301F-11D3-BF4B-00C04F79EFBC}") = "4_Controls", "4_Controls\4_Controls.csproj", "{6E51B05E-D1AB-4D8E-A61B-02A157710D85}"
EndProject
Project("{FAE04EC0-301F-11D3-BF4B-00C04F79EFBC}") = "5_ProgressBar", "5_ProgressBar\5_ProgressBar.csproj", "{0D084FED-3A4C-4C38-804F-185D25BE3FBE}"
EndProject
Project("{FAE04EC0-301F-11D3-BF4B-00C04F79EFBC}") = "6_Slider", "6_Slider\6_Slider.csproj", "{F7465282-DC87-4EBD-AB21-46E9B8075A7D}"
EndProject
Global
	GlobalSection(SolutionConfigurationPlatforms) = preSolution
		Debug|Any CPU = Debug|Any CPU
		Release|Any CPU = Release|Any CPU
	EndGlobalSection
	GlobalSection(ProjectConfigurationPlatforms) = postSolution
		{B7B1BD35-CE4A-44D1-82DC-39E37C82944F}.Debug|Any CPU.ActiveCfg = Debug|Any CPU
		{B7B1BD35-CE4A-44D1-82DC-39E37C82944F}.Debug|Any CPU.Build.0 = Debug|Any CPU
		{B7B1BD35-CE4A-44D1-82DC-39E37C82944F}.Release|Any CPU.ActiveCfg = Release|Any CPU
		{B7B1BD35-CE4A-44D1-82DC-39E37C82944F}.Release|Any CPU.Build.0 = Release|Any CPU
		{BF696827-A4E6-4E4F-818F-BE302D4DA087}.Debug|Any CPU.ActiveCfg = Debug|Any CPU
		{BF696827-A4E6-4E4F-818F-BE302D4DA087}.Debug|Any CPU.Build.0 = Debug|Any CPU
		{BF696827-A4E6-4E4F-818F-BE302D4DA087}.Release|Any CPU.ActiveCfg = Release|Any CPU
		{BF696827-A4E6-4E4F-818F-BE302D4DA087}.Release|Any CPU.Build.0 = Release|Any CPU
		{C658DCA4-EDBD-4D53-805E-A76B7370F2DF}.Debug|Any CPU.ActiveCfg = Debug|Any CPU
		{C658DCA4-EDBD-4D53-805E-A76B7370F2DF}.Debug|Any CPU.Build.0 = Debug|Any CPU
		{C658DCA4-EDBD-4D53-805E-A76B7370F2DF}.Release|Any CPU.ActiveCfg = Release|Any CPU
		{C658DCA4-EDBD-4D53-805E-A76B7370F2DF}.Release|Any CPU.Build.0 = Release|Any CPU
		{34725C34-2B26-4DE3-A9D1-3673827E2868}.Debug|Any CPU.ActiveCfg = Debug|Any CPU
		{34725C34-2B26-4DE3-A9D1-3673827E2868}.Debug|Any CPU.Build.0 = Debug|Any CPU
		{34725C34-2B26-4DE3-A9D1-3673827E2868}.Release|Any CPU.ActiveCfg = Release|Any CPU
		{34725C34-2B26-4DE3-A9D1-3673827E2868}.Release|Any CPU.Build.0 = Release|Any CPU
		{6E51B05E-D1AB-4D8E-A61B-02A157710D85}.Debug|Any CPU.ActiveCfg = Debug|Any CPU
		{6E51B05E-D1AB-4D8E-A61B-02A157710D85}.Debug|Any CPU.Build.0 = Debug|Any CPU
		{6E51B05E-D1AB-4D8E-A61B-02A157710D85}.Release|Any CPU.ActiveCfg = Release|Any CPU
		{6E51B05E-D1AB-4D8E-A61B-02A157710D85}.Release|Any CPU.Build.0 = Release|Any CPU
		{0D084FED-3A4C-4C38-804F-185D25BE3FBE}.Debug|Any CPU.ActiveCfg = Debug|Any CPU
		{0D084FED-3A4C-4C38-804F-185D25BE3FBE}.Debug|Any CPU.Build.0 = Debug|Any CPU
		{0D084FED-3A4C-4C38-804F-185D25BE3FBE}.Release|Any CPU.ActiveCfg = Release|Any CPU
		{0D084FED-3A4C-4C38-804F-185D25BE3FBE}.Release|Any CPU.Build.0 = Release|Any CPU
		{F7465282-DC87-4EBD-AB21-46E9B8075A7D}.Debug|Any CPU.ActiveCfg = Debug|Any CPU
		{F7465282-DC87-4EBD-AB21-46E9B8075A7D}.Debug|Any CPU.Build.0 = Debug|Any CPU
		{F7465282-DC87-4EBD-AB21-46E9B8075A7D}.Release|Any CPU.ActiveCfg = Release|Any CPU
		{F7465282-DC87-4EBD-AB21-46E9B8075A7D}.Release|Any CPU.Build.0 = Release|Any CPU
	EndGlobalSection
	GlobalSection(SolutionProperties) = preSolution
		HideSolutionNode = FALSE
	EndGlobalSection
	GlobalSection(ExtensibilityGlobals) = postSolution
		SolutionGuid = {D1BE4850-CAFA-4E92-B2CC-713838E25162}
	EndGlobalSection
EndGlobal
